// !$*UTF8*$!
{
	archiveVersion = 1;
	classes = {
	};
	objectVersion = 55;
	objects = {

/* Begin PBXBuildFile section */
		9DA8355528C888D700B366A2 /* AppDelegate.swift in Sources */ = {isa = PBXBuildFile; fileRef = 9DA8355428C888D700B366A2 /* AppDelegate.swift */; };
		9DA8355728C888D700B366A2 /* SceneDelegate.swift in Sources */ = {isa = PBXBuildFile; fileRef = 9DA8355628C888D700B366A2 /* SceneDelegate.swift */; };
		9DA8355928C888D700B366A2 /* ViewController.swift in Sources */ = {isa = PBXBuildFile; fileRef = 9DA8355828C888D700B366A2 /* ViewController.swift */; };
		9DA8355C28C888D700B366A2 /* Main.storyboard in Resources */ = {isa = PBXBuildFile; fileRef = 9DA8355A28C888D700B366A2 /* Main.storyboard */; };
		9DA8355E28C888D800B366A2 /* Assets.xcassets in Resources */ = {isa = PBXBuildFile; fileRef = 9DA8355D28C888D800B366A2 /* Assets.xcassets */; };
		9DA8356128C888D800B366A2 /* LaunchScreen.storyboard in Resources */ = {isa = PBXBuildFile; fileRef = 9DA8355F28C888D800B366A2 /* LaunchScreen.storyboard */; };
		9DA8356928C88A1A00B366A2 /* NewsCell.swift in Sources */ = {isa = PBXBuildFile; fileRef = 9DA8356828C88A1A00B366A2 /* NewsCell.swift */; };
		9DA8356F28C8944800B366A2 /* News.swift in Sources */ = {isa = PBXBuildFile; fileRef = 9DA8356E28C8944800B366A2 /* News.swift */; };
		9DA8357128C8975C00B366A2 /* WebService.swift in Sources */ = {isa = PBXBuildFile; fileRef = 9DA8357028C8975C00B366A2 /* WebService.swift */; };
		9DA8357328C89C7700B366A2 /* NewsViewModel.swift in Sources */ = {isa = PBXBuildFile; fileRef = 9DA8357228C89C7700B366A2 /* NewsViewModel.swift */; };
/* End PBXBuildFile section */

/* Begin PBXFileReference section */
		9DA8355128C888D700B366A2 /* NewsProject.app */ = {isa = PBXFileReference; explicitFileType = wrapper.application; includeInIndex = 0; path = NewsProject.app; sourceTree = BUILT_PRODUCTS_DIR; };
		9DA8355428C888D700B366A2 /* AppDelegate.swift */ = {isa = PBXFileReference; lastKnownFileType = sourcecode.swift; path = AppDelegate.swift; sourceTree = "<group>"; };
		9DA8355628C888D700B366A2 /* SceneDelegate.swift */ = {isa = PBXFileReference; lastKnownFileType = sourcecode.swift; path = SceneDelegate.swift; sourceTree = "<group>"; };
		9DA8355828C888D700B366A2 /* ViewController.swift */ = {isa = PBXFileReference; lastKnownFileType = sourcecode.swift; path = ViewController.swift; sourceTree = "<group>"; };
		9DA8355B28C888D700B366A2 /* Base */ = {isa = PBXFileReference; lastKnownFileType = file.storyboard; name = Base; path = Base.lproj/Main.storyboard; sourceTree = "<group>"; };
		9DA8355D28C888D800B366A2 /* Assets.xcassets */ = {isa = PBXFileReference; lastKnownFileType = folder.assetcatalog; path = Assets.xcassets; sourceTree = "<group>"; };
		9DA8356028C888D800B366A2 /* Base */ = {isa = PBXFileReference; lastKnownFileType = file.storyboard; name = Base; path = Base.lproj/LaunchScreen.storyboard; sourceTree = "<group>"; };
		9DA8356228C888D800B366A2 /* Info.plist */ = {isa = PBXFileReference; lastKnownFileType = text.plist.xml; path = Info.plist; sourceTree = "<group>"; };
		9DA8356828C88A1A00B366A2 /* NewsCell.swift */ = {isa = PBXFileReference; lastKnownFileType = sourcecode.swift; path = NewsCell.swift; sourceTree = "<group>"; };
		9DA8356E28C8944800B366A2 /* News.swift */ = {isa = PBXFileReference; lastKnownFileType = sourcecode.swift; path = News.swift; sourceTree = "<group>"; };
		9DA8357028C8975C00B366A2 /* WebService.swift */ = {isa = PBXFileReference; lastKnownFileType = sourcecode.swift; path = WebService.swift; sourceTree = "<group>"; };
		9DA8357228C89C7700B366A2 /* NewsViewModel.swift */ = {isa = PBXFileReference; lastKnownFileType = sourcecode.swift; path = NewsViewModel.swift; sourceTree = "<group>"; };
/* End PBXFileReference section */

/* Begin PBXFrameworksBuildPhase section */
		9DA8354E28C888D700B366A2 /* Frameworks */ = {
			isa = PBXFrameworksBuildPhase;
			buildActionMask = 2147483647;
			files = (
			);
			runOnlyForDeploymentPostprocessing = 0;
		};
/* End PBXFrameworksBuildPhase section */

/* Begin PBXGroup section */
		9DA8354828C888D700B366A2 = {
			isa = PBXGroup;
			children = (
				9DA8355328C888D700B366A2 /* NewsProject */,
				9DA8355228C888D700B366A2 /* Products */,
			);
			sourceTree = "<group>";
		};
		9DA8355228C888D700B366A2 /* Products */ = {
			isa = PBXGroup;
			children = (
				9DA8355128C888D700B366A2 /* NewsProject.app */,
			);
			name = Products;
			sourceTree = "<group>";
		};
		9DA8355328C888D700B366A2 /* NewsProject */ = {
			isa = PBXGroup;
			children = (
				9DA8356D28C8941500B366A2 /* Service */,
				9DA8356C28C8940800B366A2 /* ViewModel */,
				9DA8356B28C8940300B366A2 /* View */,
				9DA8356A28C893FE00B366A2 /* Model */,
				9DA8355A28C888D700B366A2 /* Main.storyboard */,
				9DA8355D28C888D800B366A2 /* Assets.xcassets */,
				9DA8355F28C888D800B366A2 /* LaunchScreen.storyboard */,
				9DA8356228C888D800B366A2 /* Info.plist */,
			);
			path = NewsProject;
			sourceTree = "<group>";
		};
		9DA8356A28C893FE00B366A2 /* Model */ = {
			isa = PBXGroup;
			children = (
				9DA8356E28C8944800B366A2 /* News.swift */,
			);
			path = Model;
			sourceTree = "<group>";
		};
		9DA8356B28C8940300B366A2 /* View */ = {
			isa = PBXGroup;
			children = (
				9DA8355428C888D700B366A2 /* AppDelegate.swift */,
				9DA8356828C88A1A00B366A2 /* NewsCell.swift */,
				9DA8355628C888D700B366A2 /* SceneDelegate.swift */,
				9DA8355828C888D700B366A2 /* ViewController.swift */,
			);
			path = View;
			sourceTree = "<group>";
		};
		9DA8356C28C8940800B366A2 /* ViewModel */ = {
			isa = PBXGroup;
			children = (
				9DA8357228C89C7700B366A2 /* NewsViewModel.swift */,
			);
			path = ViewModel;
			sourceTree = "<group>";
		};
		9DA8356D28C8941500B366A2 /* Service */ = {
			isa = PBXGroup;
			children = (
				9DA8357028C8975C00B366A2 /* WebService.swift */,
			);
			path = Service;
			sourceTree = "<group>";
		};
/* End PBXGroup section */

/* Begin PBXNativeTarget section */
		9DA8355028C888D700B366A2 /* NewsProject */ = {
			isa = PBXNativeTarget;
			buildConfigurationList = 9DA8356528C888D800B366A2 /* Build configuration list for PBXNativeTarget "NewsProject" */;
			buildPhases = (
				9DA8354D28C888D700B366A2 /* Sources */,
				9DA8354E28C888D700B366A2 /* Frameworks */,
				9DA8354F28C888D700B366A2 /* Resources */,
			);
			buildRules = (
			);
			dependencies = (
			);
			name = NewsProject;
			productName = NewsProject;
			productReference = 9DA8355128C888D700B366A2 /* NewsProject.app */;
			productType = "com.apple.product-type.application";
		};
/* End PBXNativeTarget section */

/* Begin PBXProject section */
		9DA8354928C888D700B366A2 /* Project object */ = {
			isa = PBXProject;
			attributes = {
				BuildIndependentTargetsInParallel = 1;
				LastSwiftUpdateCheck = 1340;
				LastUpgradeCheck = 1340;
				TargetAttributes = {
					9DA8355028C888D700B366A2 = {
						CreatedOnToolsVersion = 13.4.1;
					};
				};
			};
			buildConfigurationList = 9DA8354C28C888D700B366A2 /* Build configuration list for PBXProject "NewsProject" */;
			compatibilityVersion = "Xcode 13.0";
			developmentRegion = en;
			hasScannedForEncodings = 0;
			knownRegions = (
				en,
				Base,
			);
			mainGroup = 9DA8354828C888D700B366A2;
			productRefGroup = 9DA8355228C888D700B366A2 /* Products */;
			projectDirPath = "";
			projectRoot = "";
			targets = (
				9DA8355028C888D700B366A2 /* NewsProject */,
			);
		};
/* End PBXProject section */

/* Begin PBXResourcesBuildPhase section */
		9DA8354F28C888D700B366A2 /* Resources */ = {
			isa = PBXResourcesBuildPhase;
			buildActionMask = 2147483647;
			files = (
				9DA8356128C888D800B366A2 /* LaunchScreen.storyboard in Resources */,
				9DA8355E28C888D800B366A2 /* Assets.xcassets in Resources */,
				9DA8355C28C888D700B366A2 /* Main.storyboard in Resources */,
			);
			runOnlyForDeploymentPostprocessing = 0;
		};
/* End PBXResourcesBuildPhase section */

/* Begin PBXSourcesBuildPhase section */
		9DA8354D28C888D700B366A2 /* Sources */ = {
			isa = PBXSourcesBuildPhase;
			buildActionMask = 2147483647;
			files = (
				9DA8357128C8975C00B366A2 /* WebService.swift in Sources */,
				9DA8355928C888D700B366A2 /* ViewController.swift in Sources */,
				9DA8355528C888D700B366A2 /* AppDelegate.swift in Sources */,
				9DA8356928C88A1A00B366A2 /* NewsCell.swift in Sources */,
				9DA8357328C89C7700B366A2 /* NewsViewModel.swift in Sources */,
				9DA8356F28C8944800B366A2 /* News.swift in Sources */,
				9DA8355728C888D700B366A2 /* SceneDelegate.swift in Sources */,
			);
			runOnlyForDeploymentPostprocessing = 0;
		};
/* End PBXSourcesBuildPhase section */

/* Begin PBXVariantGroup section */
		9DA8355A28C888D700B366A2 /* Main.storyboard */ = {
			isa = PBXVariantGroup;
			children = (
				9DA8355B28C888D700B366A2 /* Base */,
			);
			name = Main.storyboard;
			sourceTree = "<group>";
		};
		9DA8355F28C888D800B366A2 /* LaunchScreen.storyboard */ = {
			isa = PBXVariantGroup;
			children = (
				9DA8356028C888D800B366A2 /* Base */,
			);
			name = LaunchScreen.storyboard;
			sourceTree = "<group>";
		};
/* End PBXVariantGroup section */

/* Begin XCBuildConfiguration section */
		9DA8356328C888D800B366A2 /* Debug */ = {
			isa = XCBuildConfiguration;
			buildSettings = {
				ALWAYS_SEARCH_USER_PATHS = NO;
				CLANG_ANALYZER_NONNULL = YES;
				CLANG_ANALYZER_NUMBER_OBJECT_CONVERSION = YES_AGGRESSIVE;
				CLANG_CXX_LANGUAGE_STANDARD = "gnu++17";
				CLANG_ENABLE_MODULES = YES;
				CLANG_ENABLE_OBJC_ARC = YES;
				CLANG_ENABLE_OBJC_WEAK = YES;
				CLANG_WARN_BLOCK_CAPTURE_AUTORELEASING = YES;
				CLANG_WARN_BOOL_CONVERSION = YES;
				CLANG_WARN_COMMA = YES;
				CLANG_WARN_CONSTANT_CONVERSION = YES;
				CLANG_WARN_DEPRECATED_OBJC_IMPLEMENTATIONS = YES;
				CLANG_WARN_DIRECT_OBJC_ISA_USAGE = YES_ERROR;
				CLANG_WARN_DOCUMENTATION_COMMENTS = YES;
				CLANG_WARN_EMPTY_BODY = YES;
				CLANG_WARN_ENUM_CONVERSION = YES;
				CLANG_WARN_INFINITE_RECURSION = YES;
				CLANG_WARN_INT_CONVERSION = YES;
				CLANG_WARN_NON_LITERAL_NULL_CONVERSION = YES;
				CLANG_WARN_OBJC_IMPLICIT_RETAIN_SELF = YES;
				CLANG_WARN_OBJC_LITERAL_CONVERSION = YES;
				CLANG_WARN_OBJC_ROOT_CLASS = YES_ERROR;
				CLANG_WARN_QUOTED_INCLUDE_IN_FRAMEWORK_HEADER = YES;
				CLANG_WARN_RANGE_LOOP_ANALYSIS = YES;
				CLANG_WARN_STRICT_PROTOTYPES = YES;
				CLANG_WARN_SUSPICIOUS_MOVE = YES;
				CLANG_WARN_UNGUARDED_AVAILABILITY = YES_AGGRESSIVE;
				CLANG_WARN_UNREACHABLE_CODE = YES;
				CLANG_WARN__DUPLICATE_METHOD_MATCH = YES;
				COPY_PHASE_STRIP = NO;
				DEBUG_INFORMATION_FORMAT = dwarf;
				ENABLE_STRICT_OBJC_MSGSEND = YES;
				ENABLE_TESTABILITY = YES;
				GCC_C_LANGUAGE_STANDARD = gnu11;
				GCC_DYNAMIC_NO_PIC = NO;
				GCC_NO_COMMON_BLOCKS = YES;
				GCC_OPTIMIZATION_LEVEL = 0;
				GCC_PREPROCESSOR_DEFINITIONS = (
					"DEBUG=1",
					"$(inherited)",
				);
				GCC_WARN_64_TO_32_BIT_CONVERSION = YES;
				GCC_WARN_ABOUT_RETURN_TYPE = YES_ERROR;
				GCC_WARN_UNDECLARED_SELECTOR = YES;
				GCC_WARN_UNINITIALIZED_AUTOS = YES_AGGRESSIVE;
				GCC_WARN_UNUSED_FUNCTION = YES;
				GCC_WARN_UNUSED_VARIABLE = YES;
				IPHONEOS_DEPLOYMENT_TARGET = 15.5;
				MTL_ENABLE_DEBUG_INFO = INCLUDE_SOURCE;
				MTL_FAST_MATH = YES;
				ONLY_ACTIVE_ARCH = YES;
				SDKROOT = iphoneos;
				SWIFT_ACTIVE_COMPILATION_CONDITIONS = DEBUG;
				SWIFT_OPTIMIZATION_LEVEL = "-Onone";
			};
			name = Debug;
		};
		9DA8356428C888D800B366A2 /* Release */ = {
			isa = XCBuildConfiguration;
			buildSettings = {
				ALWAYS_SEARCH_USER_PATHS = NO;
				CLANG_ANALYZER_NONNULL = YES;
				CLANG_ANALYZER_NUMBER_OBJECT_CONVERSION = YES_AGGRESSIVE;
				CLANG_CXX_LANGUAGE_STANDARD = "gnu++17";
				CLANG_ENABLE_MODULES = YES;
				CLANG_ENABLE_OBJC_ARC = YES;
				CLANG_ENABLE_OBJC_WEAK = YES;
				CLANG_WARN_BLOCK_CAPTURE_AUTORELEASING = YES;
				CLANG_WARN_BOOL_CONVERSION = YES;
				CLANG_WARN_COMMA = YES;
				CLANG_WARN_CONSTANT_CONVERSION = YES;
				CLANG_WARN_DEPRECATED_OBJC_IMPLEMENTATIONS = YES;
				CLANG_WARN_DIRECT_OBJC_ISA_USAGE = YES_ERROR;
				CLANG_WARN_DOCUMENTATION_COMMENTS = YES;
				CLANG_WARN_EMPTY_BODY = YES;
				CLANG_WARN_ENUM_CONVERSION = YES;
				CLANG_WARN_INFINITE_RECURSION = YES;
				CLANG_WARN_INT_CONVERSION = YES;
				CLANG_WARN_NON_LITERAL_NULL_CONVERSION = YES;
				CLANG_WARN_OBJC_IMPLICIT_RETAIN_SELF = YES;
				CLANG_WARN_OBJC_LITERAL_CONVERSION = YES;
				CLANG_WARN_OBJC_ROOT_CLASS = YES_ERROR;
				CLANG_WARN_QUOTED_INCLUDE_IN_FRAMEWORK_HEADER = YES;
				CLANG_WARN_RANGE_LOOP_ANALYSIS = YES;
				CLANG_WARN_STRICT_PROTOTYPES = YES;
				CLANG_WARN_SUSPICIOUS_MOVE = YES;
				CLANG_WARN_UNGUARDED_AVAILABILITY = YES_AGGRESSIVE;
				CLANG_WARN_UNREACHABLE_CODE = YES;
				CLANG_WARN__DUPLICATE_METHOD_MATCH = YES;
				COPY_PHASE_STRIP = NO;
				DEBUG_INFORMATION_FORMAT = "dwarf-with-dsym";
				ENABLE_NS_ASSERTIONS = NO;
				ENABLE_STRICT_OBJC_MSGSEND = YES;
				GCC_C_LANGUAGE_STANDARD = gnu11;
				GCC_NO_COMMON_BLOCKS = YES;
				GCC_WARN_64_TO_32_BIT_CONVERSION = YES;
				GCC_WARN_ABOUT_RETURN_TYPE = YES_ERROR;
				GCC_WARN_UNDECLARED_SELECTOR = YES;
				GCC_WARN_UNINITIALIZED_AUTOS = YES_AGGRESSIVE;
				GCC_WARN_UNUSED_FUNCTION = YES;
				GCC_WARN_UNUSED_VARIABLE = YES;
				IPHONEOS_DEPLOYMENT_TARGET = 15.5;
				MTL_ENABLE_DEBUG_INFO = NO;
				MTL_FAST_MATH = YES;
				SDKROOT = iphoneos;
				SWIFT_COMPILATION_MODE = wholemodule;
				SWIFT_OPTIMIZATION_LEVEL = "-O";
				VALIDATE_PRODUCT = YES;
			};
			name = Release;
		};
		9DA8356628C888D800B366A2 /* Debug */ = {
			isa = XCBuildConfiguration;
			buildSettings = {
				ASSETCATALOG_COMPILER_APPICON_NAME = AppIcon;
				ASSETCATALOG_COMPILER_GLOBAL_ACCENT_COLOR_NAME = AccentColor;
				CODE_SIGN_STYLE = Automatic;
				CURRENT_PROJECT_VERSION = 1;
				DEVELOPMENT_TEAM = B76Q6KN467;
				GENERATE_INFOPLIST_FILE = YES;
				INFOPLIST_FILE = NewsProject/Info.plist;
				INFOPLIST_KEY_UIApplicationSupportsIndirectInputEvents = YES;
				INFOPLIST_KEY_UILaunchStoryboardName = LaunchScreen;
				INFOPLIST_KEY_UIMainStoryboardFile = Main;
				INFOPLIST_KEY_UISupportedInterfaceOrientations_iPad = "UIInterfaceOrientationPortrait UIInterfaceOrientationPortraitUpsideDown UIInterfaceOrientationLandscapeLeft UIInterfaceOrientationLandscapeRight";
				INFOPLIST_KEY_UISupportedInterfaceOrientations_iPhone = "UIInterfaceOrientationPortrait UIInterfaceOrientationLandscapeLeft UIInterfaceOrientationLandscapeRight";
				LD_RUNPATH_SEARCH_PATHS = (
					"$(inherited)",
					"@executable_path/Frameworks",
				);
				MARKETING_VERSION = 1.0;
				PRODUCT_BUNDLE_IDENTIFIER = com.omerfkzr.NewsProject;
				PRODUCT_NAME = "$(TARGET_NAME)";
				SWIFT_EMIT_LOC_STRINGS = YES;
				SWIFT_VERSION = 5.0;
				TARGETED_DEVICE_FAMILY = "1,2";
			};
			name = Debug;
		};
		9DA8356728C888D800B366A2 /* Release */ = {
			isa = XCBuildConfiguration;
			buildSettings = {
				ASSETCATALOG_COMPILER_APPICON_NAME = AppIcon;
				ASSETCATALOG_COMPILER_GLOBAL_ACCENT_COLOR_NAME = AccentColor;
				CODE_SIGN_STYLE = Automatic;
				CURRENT_PROJECT_VERSION = 1;
				DEVELOPMENT_TEAM = B76Q6KN467;
				GENERATE_INFOPLIST_FILE = YES;
				INFOPLIST_FILE = NewsProject/Info.plist;
				INFOPLIST_KEY_UIApplicationSupportsIndirectInputEvents = YES;
				INFOPLIST_KEY_UILaunchStoryboardName = LaunchScreen;
				INFOPLIST_KEY_UIMainStoryboardFile = Main;
				INFOPLIST_KEY_UISupportedInterfaceOrientations_iPad = "UIInterfaceOrientationPortrait UIInterfaceOrientationPortraitUpsideDown UIInterfaceOrientationLandscapeLeft UIInterfaceOrientationLandscapeRight";
				INFOPLIST_KEY_UISupportedInterfaceOrientations_iPhone = "UIInterfaceOrientationPortrait UIInterfaceOrientationLandscapeLeft UIInterfaceOrientationLandscapeRight";
				LD_RUNPATH_SEARCH_PATHS = (
					"$(inherited)",
					"@executable_path/Frameworks",
				);
				MARKETING_VERSION = 1.0;
				PRODUCT_BUNDLE_IDENTIFIER = com.omerfkzr.NewsProject;
				PRODUCT_NAME = "$(TARGET_NAME)";
				SWIFT_EMIT_LOC_STRINGS = YES;
				SWIFT_VERSION = 5.0;
				TARGETED_DEVICE_FAMILY = "1,2";
			};
			name = Release;
		};
/* End XCBuildConfiguration section */

/* Begin XCConfigurationList section */
		9DA8354C28C888D700B366A2 /* Build configuration list for PBXProject "NewsProject" */ = {
			isa = XCConfigurationList;
			buildConfigurations = (
				9DA8356328C888D800B366A2 /* Debug */,
				9DA8356428C888D800B366A2 /* Release */,
			);
			defaultConfigurationIsVisible = 0;
			defaultConfigurationName = Release;
		};
		9DA8356528C888D800B366A2 /* Build configuration list for PBXNativeTarget "NewsProject" */ = {
			isa = XCConfigurationList;
			buildConfigurations = (
				9DA8356628C888D800B366A2 /* Debug */,
				9DA8356728C888D800B366A2 /* Release */,
			);
			defaultConfigurationIsVisible = 0;
			defaultConfigurationName = Release;
		};
/* End XCConfigurationList section */
	};
	rootObject = 9DA8354928C888D700B366A2 /* Project object */;
}
